
Microsoft Visual Studio Solution File, Format Version 12.00
# Visual Studio 2015
Project("{FAE04EC0-301F-11D3-BF4B-00C04F79EFBC}") = "FreeForFall.CSharp", "FreeForFall.CSharp.csproj", "{004B3501-F922-19CD-2E0C-E82FA2221565}"
EndProject
Project("{FAE04EC0-301F-11D3-BF4B-00C04F79EFBC}") = "FreeForFall.CSharp.Editor", "FreeForFall.CSharp.Editor.csproj", "{07D86E1E-D313-D71A-E6DA-5951E2C2C9AD}"
EndProject
Global
	GlobalSection(SolutionConfigurationPlatforms) = preSolution
		Debug|Any CPU = Debug|Any CPU
		Release|Any CPU = Release|Any CPU
	EndGlobalSection
	GlobalSection(ProjectConfigurationPlatforms) = postSolution
		{004B3501-F922-19CD-2E0C-E82FA2221565}.Debug|Any CPU.ActiveCfg = Debug|Any CPU
		{004B3501-F922-19CD-2E0C-E82FA2221565}.Debug|Any CPU.Build.0 = Debug|Any CPU
		{004B3501-F922-19CD-2E0C-E82FA2221565}.Release|Any CPU.ActiveCfg = Release|Any CPU
		{004B3501-F922-19CD-2E0C-E82FA2221565}.Release|Any CPU.Build.0 = Release|Any CPU
		{07D86E1E-D313-D71A-E6DA-5951E2C2C9AD}.Debug|Any CPU.ActiveCfg = Debug|Any CPU
		{07D86E1E-D313-D71A-E6DA-5951E2C2C9AD}.Debug|Any CPU.Build.0 = Debug|Any CPU
		{07D86E1E-D313-D71A-E6DA-5951E2C2C9AD}.Release|Any CPU.ActiveCfg = Release|Any CPU
		{07D86E1E-D313-D71A-E6DA-5951E2C2C9AD}.Release|Any CPU.Build.0 = Release|Any CPU
	EndGlobalSection
	GlobalSection(SolutionProperties) = preSolution
		HideSolutionNode = FALSE
	EndGlobalSection
EndGlobal
